
Microsoft Visual Studio Solution File, Format Version 12.00
# Visual Studio Version 17
VisualStudioVersion = 17.14.36109.1 d17.14
MinimumVisualStudioVersion = 10.0.40219.1
Project("{FAE04EC0-301F-11D3-BF4B-00C04F79EFBC}") = "RedHaven", "RedHaven\RedHaven.csproj", "{BEFE02A6-AE61-4A07-A230-F88FB7BCFE65}"
EndProject
Global
	GlobalSection(SolutionConfigurationPlatforms) = preSolution
		Debug|Any CPU = Debug|Any CPU
		Release|Any CPU = Release|Any CPU
	EndGlobalSection
	GlobalSection(ProjectConfigurationPlatforms) = postSolution
		{BEFE02A6-AE61-4A07-A230-F88FB7BCFE65}.Debug|Any CPU.ActiveCfg = Debug|Any CPU
		{BEFE02A6-AE61-4A07-A230-F88FB7BCFE65}.Debug|Any CPU.Build.0 = Debug|Any CPU
		{BEFE02A6-AE61-4A07-A230-F88FB7BCFE65}.Release|Any CPU.ActiveCfg = Release|Any CPU
		{BEFE02A6-AE61-4A07-A230-F88FB7BCFE65}.Release|Any CPU.Build.0 = Release|Any CPU
	EndGlobalSection
	GlobalSection(SolutionProperties) = preSolution
		HideSolutionNode = FALSE
	EndGlobalSection
	GlobalSection(ExtensibilityGlobals) = postSolution
		SolutionGuid = {6760915C-E42B-434C-B64C-F55708BE023E}
	EndGlobalSection
EndGlobal
